
Microsoft Visual Studio Solution File, Format Version 12.00
# Visual Studio Version 17
VisualStudioVersion = 17.4.33205.214
MinimumVisualStudioVersion = 10.0.40219.1
Project("{FAE04EC0-301F-11D3-BF4B-00C04F79EFBC}") = "ShapeAriaCulculation", "ShapeAriaCulculation\ShapeAriaCulculation.csproj", "{70D20099-F0E9-4F72-8F23-457F6BBEE251}"
EndProject
Project("{FAE04EC0-301F-11D3-BF4B-00C04F79EFBC}") = "Tests", "Tests\Tests.csproj", "{3B66A695-B0D8-4018-A81F-88B1E1103905}"
EndProject
Project("{2150E333-8FDC-42A3-9474-1A3956D46DE8}") = "Solution Items", "Solution Items", "{51BBE479-B792-43F6-AF05-40B91D941ECE}"
	ProjectSection(SolutionItems) = preProject
		Task2.txt = Task2.txt
	EndProjectSection
EndProject
Global
	GlobalSection(SolutionConfigurationPlatforms) = preSolution
		Debug|Any CPU = Debug|Any CPU
		Release|Any CPU = Release|Any CPU
	EndGlobalSection
	GlobalSection(ProjectConfigurationPlatforms) = postSolution
		{70D20099-F0E9-4F72-8F23-457F6BBEE251}.Debug|Any CPU.ActiveCfg = Debug|Any CPU
		{70D20099-F0E9-4F72-8F23-457F6BBEE251}.Debug|Any CPU.Build.0 = Debug|Any CPU
		{70D20099-F0E9-4F72-8F23-457F6BBEE251}.Release|Any CPU.ActiveCfg = Release|Any CPU
		{70D20099-F0E9-4F72-8F23-457F6BBEE251}.Release|Any CPU.Build.0 = Release|Any CPU
		{3B66A695-B0D8-4018-A81F-88B1E1103905}.Debug|Any CPU.ActiveCfg = Debug|Any CPU
		{3B66A695-B0D8-4018-A81F-88B1E1103905}.Debug|Any CPU.Build.0 = Debug|Any CPU
		{3B66A695-B0D8-4018-A81F-88B1E1103905}.Release|Any CPU.ActiveCfg = Release|Any CPU
		{3B66A695-B0D8-4018-A81F-88B1E1103905}.Release|Any CPU.Build.0 = Release|Any CPU
	EndGlobalSection
	GlobalSection(SolutionProperties) = preSolution
		HideSolutionNode = FALSE
	EndGlobalSection
	GlobalSection(ExtensibilityGlobals) = postSolution
		SolutionGuid = {F7F6D52D-4D4F-4ED5-8995-BCE31C115612}
	EndGlobalSection
EndGlobal
